github.com/dgryski/go-metro v0.0.0-20211015221634-2661b20a2446 h1:QnWGyQI3H080vbC9E4jlr6scOYEnALtvV/69oATYzOo=
github.com/dgryski/go-metro v0.0.0-20211015221634-2661b20a2446/go.mod h1:c9O8+fpSOX1DM8cPNSkX/qsBWdkD4yd2dpciOWQjpBw=
github.com/google/go-cmp v0.5.9 h1:O2Tfq5qg4qc4AmwVlvv0oLiVAGB7enBSJ2x2DqQFi38=
github.com/google/go-cmp v0.5.9/go.mod h1:17dUlkBOakJ0+DkrSSNjCkIjxS6bF9zb3elmeNGIjoY=
